
Microsoft Visual Studio Solution File, Format Version 12.00
# Visual Studio Version 16
VisualStudioVersion = 16.0.31424.327
MinimumVisualStudioVersion = 10.0.40219.1
Project("{9A19103F-16F7-4668-BE54-9A1E7A4F7556}") = "NMCP.Core", "NMCP.Core\NMCP.Core.csproj", "{C5059476-9AE9-4EF8-98BA-01BAFAD6D730}"
EndProject
Project("{9A19103F-16F7-4668-BE54-9A1E7A4F7556}") = "NMCP.Infrastructure", "NMCP.Infrastructure\NMCP.Infrastructure.csproj", "{480DCB95-5C59-4730-BF2D-9D98652A3351}"
	ProjectSection(ProjectDependencies) = postProject
		{C5059476-9AE9-4EF8-98BA-01BAFAD6D730} = {C5059476-9AE9-4EF8-98BA-01BAFAD6D730}
	EndProjectSection
EndProject
Project("{FAE04EC0-301F-11D3-BF4B-00C04F79EFBC}") = "NMCP.Api", "NMCP.Api\NMCP.Api.csproj", "{3720F8D6-C38E-4368-A842-64D4A0C603FF}"
	ProjectSection(ProjectDependencies) = postProject
		{480DCB95-5C59-4730-BF2D-9D98652A3351} = {480DCB95-5C59-4730-BF2D-9D98652A3351}
	EndProjectSection
EndProject
Global
	GlobalSection(SolutionConfigurationPlatforms) = preSolution
		Debug|Any CPU = Debug|Any CPU
		Release|Any CPU = Release|Any CPU
	EndGlobalSection
	GlobalSection(ProjectConfigurationPlatforms) = postSolution
		{C5059476-9AE9-4EF8-98BA-01BAFAD6D730}.Debug|Any CPU.ActiveCfg = Debug|Any CPU
		{C5059476-9AE9-4EF8-98BA-01BAFAD6D730}.Debug|Any CPU.Build.0 = Debug|Any CPU
		{C5059476-9AE9-4EF8-98BA-01BAFAD6D730}.Release|Any CPU.ActiveCfg = Release|Any CPU
		{C5059476-9AE9-4EF8-98BA-01BAFAD6D730}.Release|Any CPU.Build.0 = Release|Any CPU
		{480DCB95-5C59-4730-BF2D-9D98652A3351}.Debug|Any CPU.ActiveCfg = Debug|Any CPU
		{480DCB95-5C59-4730-BF2D-9D98652A3351}.Debug|Any CPU.Build.0 = Debug|Any CPU
		{480DCB95-5C59-4730-BF2D-9D98652A3351}.Release|Any CPU.ActiveCfg = Release|Any CPU
		{480DCB95-5C59-4730-BF2D-9D98652A3351}.Release|Any CPU.Build.0 = Release|Any CPU
		{3720F8D6-C38E-4368-A842-64D4A0C603FF}.Debug|Any CPU.ActiveCfg = Debug|Any CPU
		{3720F8D6-C38E-4368-A842-64D4A0C603FF}.Debug|Any CPU.Build.0 = Debug|Any CPU
		{3720F8D6-C38E-4368-A842-64D4A0C603FF}.Release|Any CPU.ActiveCfg = Release|Any CPU
		{3720F8D6-C38E-4368-A842-64D4A0C603FF}.Release|Any CPU.Build.0 = Release|Any CPU
	EndGlobalSection
	GlobalSection(SolutionProperties) = preSolution
		HideSolutionNode = FALSE
	EndGlobalSection
	GlobalSection(ExtensibilityGlobals) = postSolution
		SolutionGuid = {F57E22B4-FEB9-4895-94DE-8709D8FCA7C9}
	EndGlobalSection
EndGlobal
